PODS:
  - Flutter (1.0.0)
  - haptic_controller (0.0.1):
    - Flutter

DEPENDENCIES:
  - Flutter (from `Flutter`)
  - haptic_controller (from `.symlinks/plugins/haptic_controller/ios`)

EXTERNAL SOURCES:
  Flutter:
    :path: Flutter
  haptic_controller:
    :path: ".symlinks/plugins/haptic_controller/ios"

SPEC CHECKSUMS:
  Flutter: 434fef37c0980e73bb6479ef766c45957d4b510c
  haptic_controller: 668b92c6cdc0735de43642cedeac7a14ff448088

PODFILE CHECKSUM: aafe91acc616949ddb318b77800a7f51bffa2a4c

COCOAPODS: 1.10.1
